# THIS IS AN AUTOGENERATED FILE. DO NOT EDIT THIS FILE DIRECTLY.
# yarn lockfile v1


fast-xml-parser@^5.0.8:
  version "5.0.8"
  resolved "https://registry.yarnpkg.com/fast-xml-parser/-/fast-xml-parser-5.0.8.tgz#cb84ca077c0c5c45906051c13c4075ed44d3f271"
  integrity sha512-qY8NiI5L8ff00F2giyICiJxSSKHO52tC36LJqx2JtvGyAd5ZfehC/l4iUVVHpmpIa6sM9N5mneSLHQG2INGoHA==
  dependencies:
    strnum "^2.0.5"

strnum@^2.0.5:
  version "2.0.5"
  resolved "https://registry.yarnpkg.com/strnum/-/strnum-2.0.5.tgz#40700b1b5bf956acdc755e98e90005d7657aaaea"
  integrity sha512-YAT3K/sgpCUxhxNMrrdhtod3jckkpYwH6JAuwmUdXZsmzH1wUyzTMrrK2wYCEEqlKwrWDd35NeuUkbBy/1iK+Q==

xmldom@^0.6.0:
  version "0.6.0"
  resolved "https://registry.yarnpkg.com/xmldom/-/xmldom-0.6.0.tgz#43a96ecb8beece991cef382c08397d82d4d0c46f"
  integrity sha512-iAcin401y58LckRZ0TkI4k0VSM1Qg0KGSc3i8rU+xrxe19A/BN1zHyVSJY7uoutVlaTSzYyk/v5AmkewAP7jtg==
